github.com/bogdan-lytvynov/uku-distributed-systems/module-1/replication-v1/proto v0.0.0-20231013082846-4bf9b84fd892 h1:c7p6b8P0sbkxhNKy0AYXy5CpFPvFvz4gJq54YymKpmg=
github.com/bogdan-lytvynov/uku-distributed-systems/module-1/replication-v1/proto v0.0.0-20231013082846-4bf9b84fd892/go.mod h1:aUTlSWpamA7lEUduyPyIbiIRGHqlS75oGqFNA9LeQlM=
github.com/bogdan-lytvynov/uku-distributed-systems/module-1/replication-v1/proto v0.0.0-20231013093549-550d74896d7d h1:SJIJ5lWYKVympirbH2I1+SOX2yPLbjyJuKdDgVeEtJQ=
github.com/bogdan-lytvynov/uku-distributed-systems/module-1/replication-v1/proto v0.0.0-20231013093549-550d74896d7d/go.mod h1:aUTlSWpamA7lEUduyPyIbiIRGHqlS75oGqFNA9LeQlM=
