github.com/bogdan-lytvynov/uku-distributed-systems/module-1/replication-v1/proto v0.0.0-20231013093549-550d74896d7d h1:SJIJ5lWYKVympirbH2I1+SOX2yPLbjyJuKdDgVeEtJQ=
github.com/bogdan-lytvynov/uku-distributed-systems/module-1/replication-v1/proto v0.0.0-20231013093549-550d74896d7d/go.mod h1:aUTlSWpamA7lEUduyPyIbiIRGHqlS75oGqFNA9LeQlM=
